
Microsoft Visual Studio Solution File, Format Version 12.00
# Visual Studio Version 17
VisualStudioVersion = 17.1.32414.318
MinimumVisualStudioVersion = 10.0.40219.1
Project("{FAE04EC0-301F-11D3-BF4B-00C04F79EFBC}") = "Web API", "Web API.csproj", "{C9587510-B5C1-4FF8-8400-AC5243CC685C}"
EndProject
Global
	GlobalSection(SolutionConfigurationPlatforms) = preSolution
		Debug|Any CPU = Debug|Any CPU
		Release|Any CPU = Release|Any CPU
	EndGlobalSection
	GlobalSection(ProjectConfigurationPlatforms) = postSolution
		{C9587510-B5C1-4FF8-8400-AC5243CC685C}.Debug|Any CPU.ActiveCfg = Debug|Any CPU
		{C9587510-B5C1-4FF8-8400-AC5243CC685C}.Debug|Any CPU.Build.0 = Debug|Any CPU
		{C9587510-B5C1-4FF8-8400-AC5243CC685C}.Release|Any CPU.ActiveCfg = Release|Any CPU
		{C9587510-B5C1-4FF8-8400-AC5243CC685C}.Release|Any CPU.Build.0 = Release|Any CPU
	EndGlobalSection
	GlobalSection(SolutionProperties) = preSolution
		HideSolutionNode = FALSE
	EndGlobalSection
	GlobalSection(ExtensibilityGlobals) = postSolution
		SolutionGuid = {05E7415C-C0DD-4C90-92CC-4980A110D945}
	EndGlobalSection
EndGlobal
